
Microsoft Visual Studio Solution File, Format Version 12.00
# Visual Studio 15
VisualStudioVersion = 15.0.27004.2009
MinimumVisualStudioVersion = 10.0.40219.1
Project("{FAE04EC0-301F-11D3-BF4B-00C04F79EFBC}") = "FundooNotes", "FundooNotes\FundooNotes.csproj", "{A24E72C0-6F6F-4FFD-A665-9D2CF44B3D4A}"
EndProject
Project("{FAE04EC0-301F-11D3-BF4B-00C04F79EFBC}") = "FundooNotes.Services", "FundooNotes.Services\FundooNotes.Services.csproj", "{C6FA4552-6B20-4A9D-BE5D-0ED8C15D400F}"
EndProject
Project("{FAE04EC0-301F-11D3-BF4B-00C04F79EFBC}") = "FundooNotes.Tests", "FundooNotes.Tests\FundooNotes.Tests.csproj", "{E9AE786B-EAF1-4268-B292-33D32063A15B}"
EndProject
Project("{FAE04EC0-301F-11D3-BF4B-00C04F79EFBC}") = "FundooNotesData.Data", "FundooNotesData.Data\FundooNotesData.Data.csproj", "{8097BC4A-78A3-4355-BCD5-940363C71BA6}"
EndProject
Project("{FAE04EC0-301F-11D3-BF4B-00C04F79EFBC}") = "WebApplication1", "WebApplication1\WebApplication1.csproj", "{993D5E9F-FFE1-4038-B8B2-016E6E9C7DF2}"
EndProject
Global
	GlobalSection(SolutionConfigurationPlatforms) = preSolution
		Debug|Any CPU = Debug|Any CPU
		Release|Any CPU = Release|Any CPU
	EndGlobalSection
	GlobalSection(ProjectConfigurationPlatforms) = postSolution
		{A24E72C0-6F6F-4FFD-A665-9D2CF44B3D4A}.Debug|Any CPU.ActiveCfg = Debug|Any CPU
		{A24E72C0-6F6F-4FFD-A665-9D2CF44B3D4A}.Debug|Any CPU.Build.0 = Debug|Any CPU
		{A24E72C0-6F6F-4FFD-A665-9D2CF44B3D4A}.Release|Any CPU.ActiveCfg = Release|Any CPU
		{A24E72C0-6F6F-4FFD-A665-9D2CF44B3D4A}.Release|Any CPU.Build.0 = Release|Any CPU
		{C6FA4552-6B20-4A9D-BE5D-0ED8C15D400F}.Debug|Any CPU.ActiveCfg = Debug|Any CPU
		{C6FA4552-6B20-4A9D-BE5D-0ED8C15D400F}.Debug|Any CPU.Build.0 = Debug|Any CPU
		{C6FA4552-6B20-4A9D-BE5D-0ED8C15D400F}.Release|Any CPU.ActiveCfg = Release|Any CPU
		{C6FA4552-6B20-4A9D-BE5D-0ED8C15D400F}.Release|Any CPU.Build.0 = Release|Any CPU
		{E9AE786B-EAF1-4268-B292-33D32063A15B}.Debug|Any CPU.ActiveCfg = Debug|Any CPU
		{E9AE786B-EAF1-4268-B292-33D32063A15B}.Debug|Any CPU.Build.0 = Debug|Any CPU
		{E9AE786B-EAF1-4268-B292-33D32063A15B}.Release|Any CPU.ActiveCfg = Release|Any CPU
		{E9AE786B-EAF1-4268-B292-33D32063A15B}.Release|Any CPU.Build.0 = Release|Any CPU
		{8097BC4A-78A3-4355-BCD5-940363C71BA6}.Debug|Any CPU.ActiveCfg = Debug|Any CPU
		{8097BC4A-78A3-4355-BCD5-940363C71BA6}.Debug|Any CPU.Build.0 = Debug|Any CPU
		{8097BC4A-78A3-4355-BCD5-940363C71BA6}.Release|Any CPU.ActiveCfg = Release|Any CPU
		{8097BC4A-78A3-4355-BCD5-940363C71BA6}.Release|Any CPU.Build.0 = Release|Any CPU
		{993D5E9F-FFE1-4038-B8B2-016E6E9C7DF2}.Debug|Any CPU.ActiveCfg = Debug|Any CPU
		{993D5E9F-FFE1-4038-B8B2-016E6E9C7DF2}.Debug|Any CPU.Build.0 = Debug|Any CPU
		{993D5E9F-FFE1-4038-B8B2-016E6E9C7DF2}.Release|Any CPU.ActiveCfg = Release|Any CPU
		{993D5E9F-FFE1-4038-B8B2-016E6E9C7DF2}.Release|Any CPU.Build.0 = Release|Any CPU
	EndGlobalSection
	GlobalSection(SolutionProperties) = preSolution
		HideSolutionNode = FALSE
	EndGlobalSection
	GlobalSection(ExtensibilityGlobals) = postSolution
		SolutionGuid = {C4B7B4F4-5FCC-42AF-902F-E4AD308135BF}
	EndGlobalSection
EndGlobal
